
Microsoft Visual Studio Solution File, Format Version 12.00
# Visual Studio Version 17
VisualStudioVersion = 17.3.32929.385
MinimumVisualStudioVersion = 10.0.40219.1
Project("{FAE04EC0-301F-11D3-BF4B-00C04F79EFBC}") = "EsportsDatabase", "EsportsDatabase.csproj", "{CB6BCDBF-2674-4C2B-A0D8-4719826ABBEE}"
EndProject
Global
	GlobalSection(SolutionConfigurationPlatforms) = preSolution
		Debug|Any CPU = Debug|Any CPU
		Release|Any CPU = Release|Any CPU
	EndGlobalSection
	GlobalSection(ProjectConfigurationPlatforms) = postSolution
		{CB6BCDBF-2674-4C2B-A0D8-4719826ABBEE}.Debug|Any CPU.ActiveCfg = Debug|Any CPU
		{CB6BCDBF-2674-4C2B-A0D8-4719826ABBEE}.Debug|Any CPU.Build.0 = Debug|Any CPU
		{CB6BCDBF-2674-4C2B-A0D8-4719826ABBEE}.Release|Any CPU.ActiveCfg = Release|Any CPU
		{CB6BCDBF-2674-4C2B-A0D8-4719826ABBEE}.Release|Any CPU.Build.0 = Release|Any CPU
	EndGlobalSection
	GlobalSection(SolutionProperties) = preSolution
		HideSolutionNode = FALSE
	EndGlobalSection
	GlobalSection(ExtensibilityGlobals) = postSolution
		SolutionGuid = {039D16A1-21FF-41E3-BCC2-5E9759A20B3E}
	EndGlobalSection
EndGlobal
